// !$*UTF8*$!
{
	archiveVersion = 1;
	classes = {
	};
	objectVersion = 46;
	objects = {

/* Begin PBXBuildFile section */
		D9B4BB9718EEAD3300E76006 /* Foundation.framework in Frameworks */ = {isa = PBXBuildFile; fileRef = D9B4BB9618EEAD3300E76006 /* Foundation.framework */; };
		D9B4BB9918EEAD3300E76006 /* CoreGraphics.framework in Frameworks */ = {isa = PBXBuildFile; fileRef = D9B4BB9818EEAD3300E76006 /* CoreGraphics.framework */; };
		D9B4BB9B18EEAD3300E76006 /* UIKit.framework in Frameworks */ = {isa = PBXBuildFile; fileRef = D9B4BB9A18EEAD3300E76006 /* UIKit.framework */; };
		D9B4BBA118EEAD3300E76006 /* InfoPlist.strings in Resources */ = {isa = PBXBuildFile; fileRef = D9B4BB9F18EEAD3300E76006 /* InfoPlist.strings */; };
		D9B4BBA318EEAD3300E76006 /* main.m in Sources */ = {isa = PBXBuildFile; fileRef = D9B4BBA218EEAD3300E76006 /* main.m */; };
		D9B4BBA718EEAD3300E76006 /* AppDelegate.m in Sources */ = {isa = PBXBuildFile; fileRef = D9B4BBA618EEAD3300E76006 /* AppDelegate.m */; };
		D9B4BBAA18EEAD3300E76006 /* Main.storyboard in Resources */ = {isa = PBXBuildFile; fileRef = D9B4BBA818EEAD3300E76006 /* Main.storyboard */; };
		D9B4BBAD18EEAD3300E76006 /* ViewController.m in Sources */ = {isa = PBXBuildFile; fileRef = D9B4BBAC18EEAD3300E76006 /* ViewController.m */; };
		D9B4BBAF18EEAD3300E76006 /* Images.xcassets in Resources */ = {isa = PBXBuildFile; fileRef = D9B4BBAE18EEAD3300E76006 /* Images.xcassets */; };
		D9B4BBB618EEAD3300E76006 /* XCTest.framework in Frameworks */ = {isa = PBXBuildFile; fileRef = D9B4BBB518EEAD3300E76006 /* XCTest.framework */; };
		D9B4BBB718EEAD3300E76006 /* Foundation.framework in Frameworks */ = {isa = PBXBuildFile; fileRef = D9B4BB9618EEAD3300E76006 /* Foundation.framework */; };
		D9B4BBB818EEAD3300E76006 /* UIKit.framework in Frameworks */ = {isa = PBXBuildFile; fileRef = D9B4BB9A18EEAD3300E76006 /* UIKit.framework */; };
		D9B4BBC018EEAD3300E76006 /* InfoPlist.strings in Resources */ = {isa = PBXBuildFile; fileRef = D9B4BBBE18EEAD3300E76006 /* InfoPlist.strings */; };
		D9B4BBC218EEAD3300E76006 /* Test2Tests.m in Sources */ = {isa = PBXBuildFile; fileRef = D9B4BBC118EEAD3300E76006 /* Test2Tests.m */; };
/* End PBXBuildFile section */

/* Begin PBXContainerItemProxy section */
		D9B4BBB918EEAD3300E76006 /* PBXContainerItemProxy */ = {
			isa = PBXContainerItemProxy;
			containerPortal = D9B4BB8B18EEAD3300E76006 /* Project object */;
			proxyType = 1;
			remoteGlobalIDString = D9B4BB9218EEAD3300E76006;
			remoteInfo = Test2;
		};
/* End PBXContainerItemProxy section */

/* Begin PBXFileReference section */
		D9B4BB9318EEAD3300E76006 /* Test2.app */ = {isa = PBXFileReference; explicitFileType = wrapper.application; includeInIndex = 0; path = Test2.app; sourceTree = BUILT_PRODUCTS_DIR; };
		D9B4BB9618EEAD3300E76006 /* Foundation.framework */ = {isa = PBXFileReference; lastKnownFileType = wrapper.framework; name = Foundation.framework; path = System/Library/Frameworks/Foundation.framework; sourceTree = SDKROOT; };
		D9B4BB9818EEAD3300E76006 /* CoreGraphics.framework */ = {isa = PBXFileReference; lastKnownFileType = wrapper.framework; name = CoreGraphics.framework; path = System/Library/Frameworks/CoreGraphics.framework; sourceTree = SDKROOT; };
		D9B4BB9A18EEAD3300E76006 /* UIKit.framework */ = {isa = PBXFileReference; lastKnownFileType = wrapper.framework; name = UIKit.framework; path = System/Library/Frameworks/UIKit.framework; sourceTree = SDKROOT; };
		D9B4BB9E18EEAD3300E76006 /* Test2-Info.plist */ = {isa = PBXFileReference; lastKnownFileType = text.plist.xml; path = "Test2-Info.plist"; sourceTree = "<group>"; };
		D9B4BBA018EEAD3300E76006 /* en */ = {isa = PBXFileReference; lastKnownFileType = text.plist.strings; name = en; path = en.lproj/InfoPlist.strings; sourceTree = "<group>"; };
		D9B4BBA218EEAD3300E76006 /* main.m */ = {isa = PBXFileReference; lastKnownFileType = sourcecode.c.objc; path = main.m; sourceTree = "<group>"; };
		D9B4BBA418EEAD3300E76006 /* Test2-Prefix.pch */ = {isa = PBXFileReference; lastKnownFileType = sourcecode.c.h; path = "Test2-Prefix.pch"; sourceTree = "<group>"; };
		D9B4BBA518EEAD3300E76006 /* AppDelegate.h */ = {isa = PBXFileReference; lastKnownFileType = sourcecode.c.h; path = AppDelegate.h; sourceTree = "<group>"; };
		D9B4BBA618EEAD3300E76006 /* AppDelegate.m */ = {isa = PBXFileReference; lastKnownFileType = sourcecode.c.objc; path = AppDelegate.m; sourceTree = "<group>"; };
		D9B4BBA918EEAD3300E76006 /* Base */ = {isa = PBXFileReference; lastKnownFileType = file.storyboard; name = Base; path = Base.lproj/Main.storyboard; sourceTree = "<group>"; };
		D9B4BBAB18EEAD3300E76006 /* ViewController.h */ = {isa = PBXFileReference; lastKnownFileType = sourcecode.c.h; path = ViewController.h; sourceTree = "<group>"; };
		D9B4BBAC18EEAD3300E76006 /* ViewController.m */ = {isa = PBXFileReference; lastKnownFileType = sourcecode.c.objc; path = ViewController.m; sourceTree = "<group>"; };
		D9B4BBAE18EEAD3300E76006 /* Images.xcassets */ = {isa = PBXFileReference; lastKnownFileType = folder.assetcatalog; path = Images.xcassets; sourceTree = "<group>"; };
		D9B4BBB418EEAD3300E76006 /* Test2Tests.xctest */ = {isa = PBXFileReference; explicitFileType = wrapper.cfbundle; includeInIndex = 0; path = Test2Tests.xctest; sourceTree = BUILT_PRODUCTS_DIR; };
		D9B4BBB518EEAD3300E76006 /* XCTest.framework */ = {isa = PBXFileReference; lastKnownFileType = wrapper.framework; name = XCTest.framework; path = Library/Frameworks/XCTest.framework; sourceTree = DEVELOPER_DIR; };
		D9B4BBBD18EEAD3300E76006 /* Test2Tests-Info.plist */ = {isa = PBXFileReference; lastKnownFileType = text.plist.xml; path = "Test2Tests-Info.plist"; sourceTree = "<group>"; };
		D9B4BBBF18EEAD3300E76006 /* en */ = {isa = PBXFileReference; lastKnownFileType = text.plist.strings; name = en; path = en.lproj/InfoPlist.strings; sourceTree = "<group>"; };
		D9B4BBC118EEAD3300E76006 /* Test2Tests.m */ = {isa = PBXFileReference; lastKnownFileType = sourcecode.c.objc; path = Test2Tests.m; sourceTree = "<group>"; };
/* End PBXFileReference section */

/* Begin PBXFrameworksBuildPhase section */
		D9B4BB9018EEAD3300E76006 /* Frameworks */ = {
			isa = PBXFrameworksBuildPhase;
			buildActionMask = 2147483647;
			files = (
				D9B4BB9918EEAD3300E76006 /* CoreGraphics.framework in Frameworks */,
				D9B4BB9B18EEAD3300E76006 /* UIKit.framework in Frameworks */,
				D9B4BB9718EEAD3300E76006 /* Foundation.framework in Frameworks */,
			);
			runOnlyForDeploymentPostprocessing = 0;
		};
		D9B4BBB118EEAD3300E76006 /* Frameworks */ = {
			isa = PBXFrameworksBuildPhase;
			buildActionMask = 2147483647;
			files = (
				D9B4BBB618EEAD3300E76006 /* XCTest.framework in Frameworks */,
				D9B4BBB818EEAD3300E76006 /* UIKit.framework in Frameworks */,
				D9B4BBB718EEAD3300E76006 /* Foundation.framework in Frameworks */,
			);
			runOnlyForDeploymentPostprocessing = 0;
		};
/* End PBXFrameworksBuildPhase section */

/* Begin PBXGroup section */
		D9B4BB8A18EEAD3300E76006 = {
			isa = PBXGroup;
			children = (
				D9B4BB9C18EEAD3300E76006 /* Test2 */,
				D9B4BBBB18EEAD3300E76006 /* Test2Tests */,
				D9B4BB9518EEAD3300E76006 /* Frameworks */,
				D9B4BB9418EEAD3300E76006 /* Products */,
			);
			sourceTree = "<group>";
		};
		D9B4BB9418EEAD3300E76006 /* Products */ = {
			isa = PBXGroup;
			children = (
				D9B4BB9318EEAD3300E76006 /* Test2.app */,
				D9B4BBB418EEAD3300E76006 /* Test2Tests.xctest */,
			);
			name = Products;
			sourceTree = "<group>";
		};
		D9B4BB9518EEAD3300E76006 /* Frameworks */ = {
			isa = PBXGroup;
			children = (
				D9B4BB9618EEAD3300E76006 /* Foundation.framework */,
				D9B4BB9818EEAD3300E76006 /* CoreGraphics.framework */,
				D9B4BB9A18EEAD3300E76006 /* UIKit.framework */,
				D9B4BBB518EEAD3300E76006 /* XCTest.framework */,
			);
			name = Frameworks;
			sourceTree = "<group>";
		};
		D9B4BB9C18EEAD3300E76006 /* Test2 */ = {
			isa = PBXGroup;
			children = (
				D9B4BBA518EEAD3300E76006 /* AppDelegate.h */,
				D9B4BBA618EEAD3300E76006 /* AppDelegate.m */,
				D9B4BBA818EEAD3300E76006 /* Main.storyboard */,
				D9B4BBAB18EEAD3300E76006 /* ViewController.h */,
				D9B4BBAC18EEAD3300E76006 /* ViewController.m */,
				D9B4BBAE18EEAD3300E76006 /* Images.xcassets */,
				D9B4BB9D18EEAD3300E76006 /* Supporting Files */,
			);
			path = Test2;
			sourceTree = "<group>";
		};
		D9B4BB9D18EEAD3300E76006 /* Supporting Files */ = {
			isa = PBXGroup;
			children = (
				D9B4BB9E18EEAD3300E76006 /* Test2-Info.plist */,
				D9B4BB9F18EEAD3300E76006 /* InfoPlist.strings */,
				D9B4BBA218EEAD3300E76006 /* main.m */,
				D9B4BBA418EEAD3300E76006 /* Test2-Prefix.pch */,
			);
			name = "Supporting Files";
			sourceTree = "<group>";
		};
		D9B4BBBB18EEAD3300E76006 /* Test2Tests */ = {
			isa = PBXGroup;
			children = (
				D9B4BBC118EEAD3300E76006 /* Test2Tests.m */,
				D9B4BBBC18EEAD3300E76006 /* Supporting Files */,
			);
			path = Test2Tests;
			sourceTree = "<group>";
		};
		D9B4BBBC18EEAD3300E76006 /* Supporting Files */ = {
			isa = PBXGroup;
			children = (
				D9B4BBBD18EEAD3300E76006 /* Test2Tests-Info.plist */,
				D9B4BBBE18EEAD3300E76006 /* InfoPlist.strings */,
			);
			name = "Supporting Files";
			sourceTree = "<group>";
		};
/* End PBXGroup section */

/* Begin PBXNativeTarget section */
		D9B4BB9218EEAD3300E76006 /* Test2 */ = {
			isa = PBXNativeTarget;
			buildConfigurationList = D9B4BBC518EEAD3300E76006 /* Build configuration list for PBXNativeTarget "Test2" */;
			buildPhases = (
				D9B4BB8F18EEAD3300E76006 /* Sources */,
				D9B4BB9018EEAD3300E76006 /* Frameworks */,
				D9B4BB9118EEAD3300E76006 /* Resources */,
			);
			buildRules = (
			);
			dependencies = (
			);
			name = Test2;
			productName = Test2;
			productReference = D9B4BB9318EEAD3300E76006 /* Test2.app */;
			productType = "com.apple.product-type.application";
		};
		D9B4BBB318EEAD3300E76006 /* Test2Tests */ = {
			isa = PBXNativeTarget;
			buildConfigurationList = D9B4BBC818EEAD3300E76006 /* Build configuration list for PBXNativeTarget "Test2Tests" */;
			buildPhases = (
				D9B4BBB018EEAD3300E76006 /* Sources */,
				D9B4BBB118EEAD3300E76006 /* Frameworks */,
				D9B4BBB218EEAD3300E76006 /* Resources */,
			);
			buildRules = (
			);
			dependencies = (
				D9B4BBBA18EEAD3300E76006 /* PBXTargetDependency */,
			);
			name = Test2Tests;
			productName = Test2Tests;
			productReference = D9B4BBB418EEAD3300E76006 /* Test2Tests.xctest */;
			productType = "com.apple.product-type.bundle.unit-test";
		};
/* End PBXNativeTarget section */

/* Begin PBXProject section */
		D9B4BB8B18EEAD3300E76006 /* Project object */ = {
			isa = PBXProject;
			attributes = {
				LastUpgradeCheck = 0510;
				ORGANIZATIONNAME = tof;
				TargetAttributes = {
					D9B4BBB318EEAD3300E76006 = {
						TestTargetID = D9B4BB9218EEAD3300E76006;
					};
				};
			};
			buildConfigurationList = D9B4BB8E18EEAD3300E76006 /* Build configuration list for PBXProject "Test2" */;
			compatibilityVersion = "Xcode 3.2";
			developmentRegion = English;
			hasScannedForEncodings = 0;
			knownRegions = (
				en,
				Base,
			);
			mainGroup = D9B4BB8A18EEAD3300E76006;
			productRefGroup = D9B4BB9418EEAD3300E76006 /* Products */;
			projectDirPath = "";
			projectRoot = "";
			targets = (
				D9B4BB9218EEAD3300E76006 /* Test2 */,
				D9B4BBB318EEAD3300E76006 /* Test2Tests */,
			);
		};
/* End PBXProject section */

/* Begin PBXResourcesBuildPhase section */
		D9B4BB9118EEAD3300E76006 /* Resources */ = {
			isa = PBXResourcesBuildPhase;
			buildActionMask = 2147483647;
			files = (
				D9B4BBAF18EEAD3300E76006 /* Images.xcassets in Resources */,
				D9B4BBA118EEAD3300E76006 /* InfoPlist.strings in Resources */,
				D9B4BBAA18EEAD3300E76006 /* Main.storyboard in Resources */,
			);
			runOnlyForDeploymentPostprocessing = 0;
		};
		D9B4BBB218EEAD3300E76006 /* Resources */ = {
			isa = PBXResourcesBuildPhase;
			buildActionMask = 2147483647;
			files = (
				D9B4BBC018EEAD3300E76006 /* InfoPlist.strings in Resources */,
			);
			runOnlyForDeploymentPostprocessing = 0;
		};
/* End PBXResourcesBuildPhase section */

/* Begin PBXSourcesBuildPhase section */
		D9B4BB8F18EEAD3300E76006 /* Sources */ = {
			isa = PBXSourcesBuildPhase;
			buildActionMask = 2147483647;
			files = (
				D9B4BBAD18EEAD3300E76006 /* ViewController.m in Sources */,
				D9B4BBA718EEAD3300E76006 /* AppDelegate.m in Sources */,
				D9B4BBA318EEAD3300E76006 /* main.m in Sources */,
			);
			runOnlyForDeploymentPostprocessing = 0;
		};
		D9B4BBB018EEAD3300E76006 /* Sources */ = {
			isa = PBXSourcesBuildPhase;
			buildActionMask = 2147483647;
			files = (
				D9B4BBC218EEAD3300E76006 /* Test2Tests.m in Sources */,
			);
			runOnlyForDeploymentPostprocessing = 0;
		};
/* End PBXSourcesBuildPhase section */

/* Begin PBXTargetDependency section */
		D9B4BBBA18EEAD3300E76006 /* PBXTargetDependency */ = {
			isa = PBXTargetDependency;
			target = D9B4BB9218EEAD3300E76006 /* Test2 */;
			targetProxy = D9B4BBB918EEAD3300E76006 /* PBXContainerItemProxy */;
		};
/* End PBXTargetDependency section */

/* Begin PBXVariantGroup section */
		D9B4BB9F18EEAD3300E76006 /* InfoPlist.strings */ = {
			isa = PBXVariantGroup;
			children = (
				D9B4BBA018EEAD3300E76006 /* en */,
			);
			name = InfoPlist.strings;
			sourceTree = "<group>";
		};
		D9B4BBA818EEAD3300E76006 /* Main.storyboard */ = {
			isa = PBXVariantGroup;
			children = (
				D9B4BBA918EEAD3300E76006 /* Base */,
			);
			name = Main.storyboard;
			sourceTree = "<group>";
		};
		D9B4BBBE18EEAD3300E76006 /* InfoPlist.strings */ = {
			isa = PBXVariantGroup;
			children = (
				D9B4BBBF18EEAD3300E76006 /* en */,
			);
			name = InfoPlist.strings;
			sourceTree = "<group>";
		};
/* End PBXVariantGroup section */

/* Begin XCBuildConfiguration section */
		D9B4BBC318EEAD3300E76006 /* Debug */ = {
			isa = XCBuildConfiguration;
			buildSettings = {
				ALWAYS_SEARCH_USER_PATHS = NO;
				CLANG_CXX_LANGUAGE_STANDARD = "gnu++0x";
				CLANG_CXX_LIBRARY = "libc++";
				CLANG_ENABLE_MODULES = YES;
				CLANG_ENABLE_OBJC_ARC = YES;
				CLANG_WARN_BOOL_CONVERSION = YES;
				CLANG_WARN_CONSTANT_CONVERSION = YES;
				CLANG_WARN_DIRECT_OBJC_ISA_USAGE = YES_ERROR;
				CLANG_WARN_EMPTY_BODY = YES;
				CLANG_WARN_ENUM_CONVERSION = YES;
				CLANG_WARN_INT_CONVERSION = YES;
				CLANG_WARN_OBJC_ROOT_CLASS = YES_ERROR;
				CLANG_WARN__DUPLICATE_METHOD_MATCH = YES;
				"CODE_SIGN_IDENTITY[sdk=iphoneos*]" = "iPhone Developer";
				COPY_PHASE_STRIP = NO;
				GCC_C_LANGUAGE_STANDARD = gnu99;
				GCC_DYNAMIC_NO_PIC = NO;
				GCC_OPTIMIZATION_LEVEL = 0;
				GCC_PREPROCESSOR_DEFINITIONS = (
					"DEBUG=1",
					"$(inherited)",
				);
				GCC_SYMBOLS_PRIVATE_EXTERN = NO;
				GCC_WARN_64_TO_32_BIT_CONVERSION = YES;
				GCC_WARN_ABOUT_RETURN_TYPE = YES_ERROR;
				GCC_WARN_UNDECLARED_SELECTOR = YES;
				GCC_WARN_UNINITIALIZED_AUTOS = YES_AGGRESSIVE;
				GCC_WARN_UNUSED_FUNCTION = YES;
				GCC_WARN_UNUSED_VARIABLE = YES;
				IPHONEOS_DEPLOYMENT_TARGET = 7.1;
				ONLY_ACTIVE_ARCH = YES;
				SDKROOT = iphoneos;
			};
			name = Debug;
		};
		D9B4BBC418EEAD3300E76006 /* Release */ = {
			isa = XCBuildConfiguration;
			buildSettings = {
				ALWAYS_SEARCH_USER_PATHS = NO;
				CLANG_CXX_LANGUAGE_STANDARD = "gnu++0x";
				CLANG_CXX_LIBRARY = "libc++";
				CLANG_ENABLE_MODULES = YES;
				CLANG_ENABLE_OBJC_ARC = YES;
				CLANG_WARN_BOOL_CONVERSION = YES;
				CLANG_WARN_CONSTANT_CONVERSION = YES;
				CLANG_WARN_DIRECT_OBJC_ISA_USAGE = YES_ERROR;
				CLANG_WARN_EMPTY_BODY = YES;
				CLANG_WARN_ENUM_CONVERSION = YES;
				CLANG_WARN_INT_CONVERSION = YES;
				CLANG_WARN_OBJC_ROOT_CLASS = YES_ERROR;
				CLANG_WARN__DUPLICATE_METHOD_MATCH = YES;
				"CODE_SIGN_IDENTITY[sdk=iphoneos*]" = "iPhone Developer";
				COPY_PHASE_STRIP = YES;
				ENABLE_NS_ASSERTIONS = NO;
				GCC_C_LANGUAGE_STANDARD = gnu99;
				GCC_WARN_64_TO_32_BIT_CONVERSION = YES;
				GCC_WARN_ABOUT_RETURN_TYPE = YES_ERROR;
				GCC_WARN_UNDECLARED_SELECTOR = YES;
				GCC_WARN_UNINITIALIZED_AUTOS = YES_AGGRESSIVE;
				GCC_WARN_UNUSED_FUNCTION = YES;
				GCC_WARN_UNUSED_VARIABLE = YES;
				IPHONEOS_DEPLOYMENT_TARGET = 7.1;
				SDKROOT = iphoneos;
				VALIDATE_PRODUCT = YES;
			};
			name = Release;
		};
		D9B4BBC618EEAD3300E76006 /* Debug */ = {
			isa = XCBuildConfiguration;
			buildSettings = {
				ASSETCATALOG_COMPILER_APPICON_NAME = AppIcon;
				ASSETCATALOG_COMPILER_LAUNCHIMAGE_NAME = LaunchImage;
				GCC_PRECOMPILE_PREFIX_HEADER = YES;
				GCC_PREFIX_HEADER = "Test2/Test2-Prefix.pch";
				INFOPLIST_FILE = "Test2/Test2-Info.plist";
				PRODUCT_NAME = "$(TARGET_NAME)";
				WRAPPER_EXTENSION = app;
			};
			name = Debug;
		};
		D9B4BBC718EEAD3300E76006 /* Release */ = {
			isa = XCBuildConfiguration;
			buildSettings = {
				ASSETCATALOG_COMPILER_APPICON_NAME = AppIcon;
				ASSETCATALOG_COMPILER_LAUNCHIMAGE_NAME = LaunchImage;
				GCC_PRECOMPILE_PREFIX_HEADER = YES;
				GCC_PREFIX_HEADER = "Test2/Test2-Prefix.pch";
				INFOPLIST_FILE = "Test2/Test2-Info.plist";
				PRODUCT_NAME = "$(TARGET_NAME)";
				WRAPPER_EXTENSION = app;
			};
			name = Release;
		};
		D9B4BBC918EEAD3300E76006 /* Debug */ = {
			isa = XCBuildConfiguration;
			buildSettings = {
				BUNDLE_LOADER = "$(BUILT_PRODUCTS_DIR)/Test2.app/Test2";
				FRAMEWORK_SEARCH_PATHS = (
					"$(SDKROOT)/Developer/Library/Frameworks",
					"$(inherited)",
					"$(DEVELOPER_FRAMEWORKS_DIR)",
				);
				GCC_PRECOMPILE_PREFIX_HEADER = YES;
				GCC_PREFIX_HEADER = "Test2/Test2-Prefix.pch";
				GCC_PREPROCESSOR_DEFINITIONS = (
					"DEBUG=1",
					"$(inherited)",
				);
				INFOPLIST_FILE = "Test2Tests/Test2Tests-Info.plist";
				PRODUCT_NAME = "$(TARGET_NAME)";
				TEST_HOST = "$(BUNDLE_LOADER)";
				WRAPPER_EXTENSION = xctest;
			};
			name = Debug;
		};
		D9B4BBCA18EEAD3300E76006 /* Release */ = {
			isa = XCBuildConfiguration;
			buildSettings = {
				BUNDLE_LOADER = "$(BUILT_PRODUCTS_DIR)/Test2.app/Test2";
				FRAMEWORK_SEARCH_PATHS = (
					"$(SDKROOT)/Developer/Library/Frameworks",
					"$(inherited)",
					"$(DEVELOPER_FRAMEWORKS_DIR)",
				);
				GCC_PRECOMPILE_PREFIX_HEADER = YES;
				GCC_PREFIX_HEADER = "Test2/Test2-Prefix.pch";
				INFOPLIST_FILE = "Test2Tests/Test2Tests-Info.plist";
				PRODUCT_NAME = "$(TARGET_NAME)";
				TEST_HOST = "$(BUNDLE_LOADER)";
				WRAPPER_EXTENSION = xctest;
			};
			name = Release;
		};
/* End XCBuildConfiguration section */

/* Begin XCConfigurationList section */
		D9B4BB8E18EEAD3300E76006 /* Build configuration list for PBXProject "Test2" */ = {
			isa = XCConfigurationList;
			buildConfigurations = (
				D9B4BBC318EEAD3300E76006 /* Debug */,
				D9B4BBC418EEAD3300E76006 /* Release */,
			);
			defaultConfigurationIsVisible = 0;
			defaultConfigurationName = Release;
		};
		D9B4BBC518EEAD3300E76006 /* Build configuration list for PBXNativeTarget "Test2" */ = {
			isa = XCConfigurationList;
			buildConfigurations = (
				D9B4BBC618EEAD3300E76006 /* Debug */,
				D9B4BBC718EEAD3300E76006 /* Release */,
			);
			defaultConfigurationIsVisible = 0;
		};
		D9B4BBC818EEAD3300E76006 /* Build configuration list for PBXNativeTarget "Test2Tests" */ = {
			isa = XCConfigurationList;
			buildConfigurations = (
				D9B4BBC918EEAD3300E76006 /* Debug */,
				D9B4BBCA18EEAD3300E76006 /* Release */,
			);
			defaultConfigurationIsVisible = 0;
		};
/* End XCConfigurationList section */
	};
	rootObject = D9B4BB8B18EEAD3300E76006 /* Project object */;
}
